
Microsoft Visual Studio Solution File, Format Version 12.00
# Visual Studio 15
VisualStudioVersion = 15.0.27428.2037
MinimumVisualStudioVersion = 10.0.40219.1
Project("{2150E333-8FDC-42A3-9474-1A3956D46DE8}") = "1 - Services", "1 - Services", "{90CB3B2A-7414-4B7A-AF01-F4B64CF4CC8A}"
EndProject
Project("{2150E333-8FDC-42A3-9474-1A3956D46DE8}") = "4 - Infra", "4 - Infra", "{0259E28A-DF47-4E09-A9CF-DC401DD850EA}"
EndProject
Project("{2150E333-8FDC-42A3-9474-1A3956D46DE8}") = "3 - Domain", "3 - Domain", "{D37AD331-8015-4740-B4CC-FD80DE6F1462}"
EndProject
Project("{FAE04EC0-301F-11D3-BF4B-00C04F79EFBC}") = "Fate.BackEnd.Domain", "src\Fate.BackEnd.Domain\Fate.BackEnd.Domain.csproj", "{5BBF4C3C-548C-40F3-8A38-6CF9AA2280F5}"
EndProject
Project("{FAE04EC0-301F-11D3-BF4B-00C04F79EFBC}") = "Fate.BackEnd.Infra", "src\Fate.BackEnd.Infra\Fate.BackEnd.Infra.csproj", "{E4E7C993-E56F-4CC3-BD98-A33874258BB2}"
EndProject
Project("{FAE04EC0-301F-11D3-BF4B-00C04F79EFBC}") = "Fate.BackEnd.Services.REST", "src\Fate.BackEnd.Services.REST\Fate.BackEnd.Services.REST.csproj", "{8E6FB023-5BA0-4651-88BE-C08D32BFC068}"
EndProject
Project("{2150E333-8FDC-42A3-9474-1A3956D46DE8}") = "2 - Application", "2 - Application", "{BEA72177-8F33-4447-84FA-144BE9A29003}"
EndProject
Project("{FAE04EC0-301F-11D3-BF4B-00C04F79EFBC}") = "Fate.BackEnd.Application", "src\Fate.BackEnd.Application\Fate.BackEnd.Application.csproj", "{CFE4B14E-5255-4865-B851-F3A05285ADF9}"
EndProject
Project("{2150E333-8FDC-42A3-9474-1A3956D46DE8}") = "4.2 - CrossCutting", "4.2 - CrossCutting", "{9EA05D16-2DFE-4034-8005-84FC02694C84}"
EndProject
Project("{2150E333-8FDC-42A3-9474-1A3956D46DE8}") = "4.1 - Data", "4.1 - Data", "{16DEA5C4-5041-4B0A-85B0-4DA30C9D7FA1}"
EndProject
Project("{FAE04EC0-301F-11D3-BF4B-00C04F79EFBC}") = "Fate.BackEnd.Infra.CrossCutting", "src\Fate.BackEnd.Infra.CrossCutting\Fate.BackEnd.Infra.CrossCutting.csproj", "{2EC14F52-EA45-423A-A32F-E75CE874FF91}"
EndProject
Project("{FAE04EC0-301F-11D3-BF4B-00C04F79EFBC}") = "Fate.BackEnd.Infra.CrossCutting.IoC", "src\Fate.BackEnd.Infra.CrossCutting.IoC\Fate.BackEnd.Infra.CrossCutting.IoC.csproj", "{8074E6AF-01F1-4828-84F4-3DD5A8323552}"
EndProject
Global
	GlobalSection(SolutionConfigurationPlatforms) = preSolution
		Debug|Any CPU = Debug|Any CPU
		Release|Any CPU = Release|Any CPU
	EndGlobalSection
	GlobalSection(ProjectConfigurationPlatforms) = postSolution
		{5BBF4C3C-548C-40F3-8A38-6CF9AA2280F5}.Debug|Any CPU.ActiveCfg = Debug|Any CPU
		{5BBF4C3C-548C-40F3-8A38-6CF9AA2280F5}.Debug|Any CPU.Build.0 = Debug|Any CPU
		{5BBF4C3C-548C-40F3-8A38-6CF9AA2280F5}.Release|Any CPU.ActiveCfg = Release|Any CPU
		{5BBF4C3C-548C-40F3-8A38-6CF9AA2280F5}.Release|Any CPU.Build.0 = Release|Any CPU
		{E4E7C993-E56F-4CC3-BD98-A33874258BB2}.Debug|Any CPU.ActiveCfg = Debug|Any CPU
		{E4E7C993-E56F-4CC3-BD98-A33874258BB2}.Debug|Any CPU.Build.0 = Debug|Any CPU
		{E4E7C993-E56F-4CC3-BD98-A33874258BB2}.Release|Any CPU.ActiveCfg = Release|Any CPU
		{E4E7C993-E56F-4CC3-BD98-A33874258BB2}.Release|Any CPU.Build.0 = Release|Any CPU
		{8E6FB023-5BA0-4651-88BE-C08D32BFC068}.Debug|Any CPU.ActiveCfg = Debug|Any CPU
		{8E6FB023-5BA0-4651-88BE-C08D32BFC068}.Debug|Any CPU.Build.0 = Debug|Any CPU
		{8E6FB023-5BA0-4651-88BE-C08D32BFC068}.Release|Any CPU.ActiveCfg = Release|Any CPU
		{8E6FB023-5BA0-4651-88BE-C08D32BFC068}.Release|Any CPU.Build.0 = Release|Any CPU
		{CFE4B14E-5255-4865-B851-F3A05285ADF9}.Debug|Any CPU.ActiveCfg = Debug|Any CPU
		{CFE4B14E-5255-4865-B851-F3A05285ADF9}.Debug|Any CPU.Build.0 = Debug|Any CPU
		{CFE4B14E-5255-4865-B851-F3A05285ADF9}.Release|Any CPU.ActiveCfg = Release|Any CPU
		{CFE4B14E-5255-4865-B851-F3A05285ADF9}.Release|Any CPU.Build.0 = Release|Any CPU
		{2EC14F52-EA45-423A-A32F-E75CE874FF91}.Debug|Any CPU.ActiveCfg = Debug|Any CPU
		{2EC14F52-EA45-423A-A32F-E75CE874FF91}.Debug|Any CPU.Build.0 = Debug|Any CPU
		{2EC14F52-EA45-423A-A32F-E75CE874FF91}.Release|Any CPU.ActiveCfg = Release|Any CPU
		{2EC14F52-EA45-423A-A32F-E75CE874FF91}.Release|Any CPU.Build.0 = Release|Any CPU
		{8074E6AF-01F1-4828-84F4-3DD5A8323552}.Debug|Any CPU.ActiveCfg = Debug|Any CPU
		{8074E6AF-01F1-4828-84F4-3DD5A8323552}.Debug|Any CPU.Build.0 = Debug|Any CPU
		{8074E6AF-01F1-4828-84F4-3DD5A8323552}.Release|Any CPU.ActiveCfg = Release|Any CPU
		{8074E6AF-01F1-4828-84F4-3DD5A8323552}.Release|Any CPU.Build.0 = Release|Any CPU
	EndGlobalSection
	GlobalSection(SolutionProperties) = preSolution
		HideSolutionNode = FALSE
	EndGlobalSection
	GlobalSection(NestedProjects) = preSolution
		{5BBF4C3C-548C-40F3-8A38-6CF9AA2280F5} = {D37AD331-8015-4740-B4CC-FD80DE6F1462}
		{E4E7C993-E56F-4CC3-BD98-A33874258BB2} = {16DEA5C4-5041-4B0A-85B0-4DA30C9D7FA1}
		{8E6FB023-5BA0-4651-88BE-C08D32BFC068} = {90CB3B2A-7414-4B7A-AF01-F4B64CF4CC8A}
		{CFE4B14E-5255-4865-B851-F3A05285ADF9} = {BEA72177-8F33-4447-84FA-144BE9A29003}
		{9EA05D16-2DFE-4034-8005-84FC02694C84} = {0259E28A-DF47-4E09-A9CF-DC401DD850EA}
		{16DEA5C4-5041-4B0A-85B0-4DA30C9D7FA1} = {0259E28A-DF47-4E09-A9CF-DC401DD850EA}
		{2EC14F52-EA45-423A-A32F-E75CE874FF91} = {9EA05D16-2DFE-4034-8005-84FC02694C84}
		{8074E6AF-01F1-4828-84F4-3DD5A8323552} = {9EA05D16-2DFE-4034-8005-84FC02694C84}
	EndGlobalSection
	GlobalSection(ExtensibilityGlobals) = postSolution
		SolutionGuid = {277CA65D-E5B0-4746-9CD1-31C9EAD851E3}
	EndGlobalSection
EndGlobal
